
Microsoft Visual Studio Solution File, Format Version 12.00
# Visual Studio Version 17
VisualStudioVersion = 17.9.34622.214
MinimumVisualStudioVersion = 10.0.40219.1
Project("{FAE04EC0-301F-11D3-BF4B-00C04F79EFBC}") = "FizzBuzz.Console", "FizzBuzz.Console\FizzBuzz.Console.csproj", "{43CCEFEB-77E3-4089-9FFB-3234B14538E9}"
EndProject
Project("{FAE04EC0-301F-11D3-BF4B-00C04F79EFBC}") = "FizzBuzz.Tests", "FizzBuzz.Tests\FizzBuzz.Tests.csproj", "{4AC4B7BF-FCCD-46DA-A7B4-A214E45EF0BD}"
EndProject
Global
	GlobalSection(SolutionConfigurationPlatforms) = preSolution
		Debug|Any CPU = Debug|Any CPU
		Release|Any CPU = Release|Any CPU
	EndGlobalSection
	GlobalSection(ProjectConfigurationPlatforms) = postSolution
		{43CCEFEB-77E3-4089-9FFB-3234B14538E9}.Debug|Any CPU.ActiveCfg = Debug|Any CPU
		{43CCEFEB-77E3-4089-9FFB-3234B14538E9}.Debug|Any CPU.Build.0 = Debug|Any CPU
		{43CCEFEB-77E3-4089-9FFB-3234B14538E9}.Release|Any CPU.ActiveCfg = Release|Any CPU
		{43CCEFEB-77E3-4089-9FFB-3234B14538E9}.Release|Any CPU.Build.0 = Release|Any CPU
		{4AC4B7BF-FCCD-46DA-A7B4-A214E45EF0BD}.Debug|Any CPU.ActiveCfg = Debug|Any CPU
		{4AC4B7BF-FCCD-46DA-A7B4-A214E45EF0BD}.Debug|Any CPU.Build.0 = Debug|Any CPU
		{4AC4B7BF-FCCD-46DA-A7B4-A214E45EF0BD}.Release|Any CPU.ActiveCfg = Release|Any CPU
		{4AC4B7BF-FCCD-46DA-A7B4-A214E45EF0BD}.Release|Any CPU.Build.0 = Release|Any CPU
	EndGlobalSection
	GlobalSection(SolutionProperties) = preSolution
		HideSolutionNode = FALSE
	EndGlobalSection
	GlobalSection(ExtensibilityGlobals) = postSolution
		SolutionGuid = {E38BBAAC-C91F-46EB-B7BF-C1521BFF1CB3}
	EndGlobalSection
EndGlobal
